// !$*UTF8*$!
{
	archiveVersion = 1;
	classes = {
	};
	objectVersion = 48;
	objects = {

/* Begin PBXBuildFile section */
		EA741D812035D674004C5427 /* AppDelegate.swift in Sources */ = {isa = PBXBuildFile; fileRef = EA741D802035D674004C5427 /* AppDelegate.swift */; };
		EA741D832035D674004C5427 /* ViewController.swift in Sources */ = {isa = PBXBuildFile; fileRef = EA741D822035D674004C5427 /* ViewController.swift */; };
		EA741D862035D674004C5427 /* Main.storyboard in Resources */ = {isa = PBXBuildFile; fileRef = EA741D842035D674004C5427 /* Main.storyboard */; };
		EA741D892035D674004C5427 /* todoApp.xcdatamodeld in Sources */ = {isa = PBXBuildFile; fileRef = EA741D872035D674004C5427 /* todoApp.xcdatamodeld */; };
		EA741D8B2035D674004C5427 /* Assets.xcassets in Resources */ = {isa = PBXBuildFile; fileRef = EA741D8A2035D674004C5427 /* Assets.xcassets */; };
		EA741D8E2035D674004C5427 /* LaunchScreen.storyboard in Resources */ = {isa = PBXBuildFile; fileRef = EA741D8C2035D674004C5427 /* LaunchScreen.storyboard */; };
		EA741D962035D6BF004C5427 /* coreDataHandler.swift in Sources */ = {isa = PBXBuildFile; fileRef = EA741D952035D6BF004C5427 /* coreDataHandler.swift */; };
		EA741D982035D7EE004C5427 /* TableViewCell.swift in Sources */ = {isa = PBXBuildFile; fileRef = EA741D972035D7EE004C5427 /* TableViewCell.swift */; };
		EA741D9A2035D96F004C5427 /* ViewController2.swift in Sources */ = {isa = PBXBuildFile; fileRef = EA741D992035D96F004C5427 /* ViewController2.swift */; };
		EA741D9C2035DDCE004C5427 /* 1.jpg in Resources */ = {isa = PBXBuildFile; fileRef = EA741D9B2035DDCE004C5427 /* 1.jpg */; };
		EA85BB262036F43500877FC1 /* Note.swift in Sources */ = {isa = PBXBuildFile; fileRef = EA85BB252036F43500877FC1 /* Note.swift */; };
		EA9C1CC72036021600D1DF72 /* EditViewController.swift in Sources */ = {isa = PBXBuildFile; fileRef = EA9C1CC62036021600D1DF72 /* EditViewController.swift */; };
/* End PBXBuildFile section */

/* Begin PBXFileReference section */
		EA741D7D2035D674004C5427 /* todoApp.app */ = {isa = PBXFileReference; explicitFileType = wrapper.application; includeInIndex = 0; path = todoApp.app; sourceTree = BUILT_PRODUCTS_DIR; };
		EA741D802035D674004C5427 /* AppDelegate.swift */ = {isa = PBXFileReference; lastKnownFileType = sourcecode.swift; path = AppDelegate.swift; sourceTree = "<group>"; };
		EA741D822035D674004C5427 /* ViewController.swift */ = {isa = PBXFileReference; lastKnownFileType = sourcecode.swift; path = ViewController.swift; sourceTree = "<group>"; };
		EA741D852035D674004C5427 /* Base */ = {isa = PBXFileReference; lastKnownFileType = file.storyboard; name = Base; path = Base.lproj/Main.storyboard; sourceTree = "<group>"; };
		EA741D882035D674004C5427 /* todoApp.xcdatamodel */ = {isa = PBXFileReference; lastKnownFileType = wrapper.xcdatamodel; path = todoApp.xcdatamodel; sourceTree = "<group>"; };
		EA741D8A2035D674004C5427 /* Assets.xcassets */ = {isa = PBXFileReference; lastKnownFileType = folder.assetcatalog; path = Assets.xcassets; sourceTree = "<group>"; };
		EA741D8D2035D674004C5427 /* Base */ = {isa = PBXFileReference; lastKnownFileType = file.storyboard; name = Base; path = Base.lproj/LaunchScreen.storyboard; sourceTree = "<group>"; };
		EA741D8F2035D674004C5427 /* Info.plist */ = {isa = PBXFileReference; lastKnownFileType = text.plist.xml; path = Info.plist; sourceTree = "<group>"; };
		EA741D952035D6BF004C5427 /* coreDataHandler.swift */ = {isa = PBXFileReference; lastKnownFileType = sourcecode.swift; path = coreDataHandler.swift; sourceTree = "<group>"; };
		EA741D972035D7EE004C5427 /* TableViewCell.swift */ = {isa = PBXFileReference; lastKnownFileType = sourcecode.swift; path = TableViewCell.swift; sourceTree = "<group>"; };
		EA741D992035D96F004C5427 /* ViewController2.swift */ = {isa = PBXFileReference; lastKnownFileType = sourcecode.swift; path = ViewController2.swift; sourceTree = "<group>"; };
		EA741D9B2035DDCE004C5427 /* 1.jpg */ = {isa = PBXFileReference; lastKnownFileType = image.jpeg; path = 1.jpg; sourceTree = "<group>"; };
		EA85BB252036F43500877FC1 /* Note.swift */ = {isa = PBXFileReference; lastKnownFileType = sourcecode.swift; path = Note.swift; sourceTree = "<group>"; };
		EA9C1CC62036021600D1DF72 /* EditViewController.swift */ = {isa = PBXFileReference; lastKnownFileType = sourcecode.swift; path = EditViewController.swift; sourceTree = "<group>"; };
/* End PBXFileReference section */

/* Begin PBXFrameworksBuildPhase section */
		EA741D7A2035D674004C5427 /* Frameworks */ = {
			isa = PBXFrameworksBuildPhase;
			buildActionMask = 2147483647;
			files = (
			);
			runOnlyForDeploymentPostprocessing = 0;
		};
/* End PBXFrameworksBuildPhase section */

/* Begin PBXGroup section */
		EA741D742035D674004C5427 = {
			isa = PBXGroup;
			children = (
				EA741D7F2035D674004C5427 /* todoApp */,
				EA741D7E2035D674004C5427 /* Products */,
			);
			sourceTree = "<group>";
		};
		EA741D7E2035D674004C5427 /* Products */ = {
			isa = PBXGroup;
			children = (
				EA741D7D2035D674004C5427 /* todoApp.app */,
			);
			name = Products;
			sourceTree = "<group>";
		};
		EA741D7F2035D674004C5427 /* todoApp */ = {
			isa = PBXGroup;
			children = (
				EA741D802035D674004C5427 /* AppDelegate.swift */,
				EA741D822035D674004C5427 /* ViewController.swift */,
				EA741D842035D674004C5427 /* Main.storyboard */,
				EA741D8A2035D674004C5427 /* Assets.xcassets */,
				EA741D8C2035D674004C5427 /* LaunchScreen.storyboard */,
				EA741D8F2035D674004C5427 /* Info.plist */,
				EA741D872035D674004C5427 /* todoApp.xcdatamodeld */,
				EA741D9B2035DDCE004C5427 /* 1.jpg */,
				EA741D952035D6BF004C5427 /* coreDataHandler.swift */,
				EA741D972035D7EE004C5427 /* TableViewCell.swift */,
				EA741D992035D96F004C5427 /* ViewController2.swift */,
				EA9C1CC62036021600D1DF72 /* EditViewController.swift */,
				EA85BB252036F43500877FC1 /* Note.swift */,
			);
			path = todoApp;
			sourceTree = "<group>";
		};
/* End PBXGroup section */

/* Begin PBXNativeTarget section */
		EA741D7C2035D674004C5427 /* todoApp */ = {
			isa = PBXNativeTarget;
			buildConfigurationList = EA741D922035D674004C5427 /* Build configuration list for PBXNativeTarget "todoApp" */;
			buildPhases = (
				EA741D792035D674004C5427 /* Sources */,
				EA741D7A2035D674004C5427 /* Frameworks */,
				EA741D7B2035D674004C5427 /* Resources */,
			);
			buildRules = (
			);
			dependencies = (
			);
			name = todoApp;
			productName = todoApp;
			productReference = EA741D7D2035D674004C5427 /* todoApp.app */;
			productType = "com.apple.product-type.application";
		};
/* End PBXNativeTarget section */

/* Begin PBXProject section */
		EA741D752035D674004C5427 /* Project object */ = {
			isa = PBXProject;
			attributes = {
				LastSwiftUpdateCheck = 0920;
				LastUpgradeCheck = 0920;
				ORGANIZATIONNAME = YOUGG;
				TargetAttributes = {
					EA741D7C2035D674004C5427 = {
						CreatedOnToolsVersion = 9.2;
						ProvisioningStyle = Automatic;
					};
				};
			};
			buildConfigurationList = EA741D782035D674004C5427 /* Build configuration list for PBXProject "todoApp" */;
			compatibilityVersion = "Xcode 8.0";
			developmentRegion = en;
			hasScannedForEncodings = 0;
			knownRegions = (
				en,
				Base,
			);
			mainGroup = EA741D742035D674004C5427;
			productRefGroup = EA741D7E2035D674004C5427 /* Products */;
			projectDirPath = "";
			projectRoot = "";
			targets = (
				EA741D7C2035D674004C5427 /* todoApp */,
			);
		};
/* End PBXProject section */

/* Begin PBXResourcesBuildPhase section */
		EA741D7B2035D674004C5427 /* Resources */ = {
			isa = PBXResourcesBuildPhase;
			buildActionMask = 2147483647;
			files = (
				EA741D8E2035D674004C5427 /* LaunchScreen.storyboard in Resources */,
				EA741D9C2035DDCE004C5427 /* 1.jpg in Resources */,
				EA741D8B2035D674004C5427 /* Assets.xcassets in Resources */,
				EA741D862035D674004C5427 /* Main.storyboard in Resources */,
			);
			runOnlyForDeploymentPostprocessing = 0;
		};
/* End PBXResourcesBuildPhase section */

/* Begin PBXSourcesBuildPhase section */
		EA741D792035D674004C5427 /* Sources */ = {
			isa = PBXSourcesBuildPhase;
			buildActionMask = 2147483647;
			files = (
				EA741D982035D7EE004C5427 /* TableViewCell.swift in Sources */,
				EA741D832035D674004C5427 /* ViewController.swift in Sources */,
				EA741D962035D6BF004C5427 /* coreDataHandler.swift in Sources */,
				EA85BB262036F43500877FC1 /* Note.swift in Sources */,
				EA741D892035D674004C5427 /* todoApp.xcdatamodeld in Sources */,
				EA741D812035D674004C5427 /* AppDelegate.swift in Sources */,
				EA741D9A2035D96F004C5427 /* ViewController2.swift in Sources */,
				EA9C1CC72036021600D1DF72 /* EditViewController.swift in Sources */,
			);
			runOnlyForDeploymentPostprocessing = 0;
		};
/* End PBXSourcesBuildPhase section */

/* Begin PBXVariantGroup section */
		EA741D842035D674004C5427 /* Main.storyboard */ = {
			isa = PBXVariantGroup;
			children = (
				EA741D852035D674004C5427 /* Base */,
			);
			name = Main.storyboard;
			sourceTree = "<group>";
		};
		EA741D8C2035D674004C5427 /* LaunchScreen.storyboard */ = {
			isa = PBXVariantGroup;
			children = (
				EA741D8D2035D674004C5427 /* Base */,
			);
			name = LaunchScreen.storyboard;
			sourceTree = "<group>";
		};
/* End PBXVariantGroup section */

/* Begin XCBuildConfiguration section */
		EA741D902035D674004C5427 /* Debug */ = {
			isa = XCBuildConfiguration;
			buildSettings = {
				ALWAYS_SEARCH_USER_PATHS = NO;
				CLANG_ANALYZER_NONNULL = YES;
				CLANG_ANALYZER_NUMBER_OBJECT_CONVERSION = YES_AGGRESSIVE;
				CLANG_CXX_LANGUAGE_STANDARD = "gnu++14";
				CLANG_CXX_LIBRARY = "libc++";
				CLANG_ENABLE_MODULES = YES;
				CLANG_ENABLE_OBJC_ARC = YES;
				CLANG_WARN_BLOCK_CAPTURE_AUTORELEASING = YES;
				CLANG_WARN_BOOL_CONVERSION = YES;
				CLANG_WARN_COMMA = YES;
				CLANG_WARN_CONSTANT_CONVERSION = YES;
				CLANG_WARN_DIRECT_OBJC_ISA_USAGE = YES_ERROR;
				CLANG_WARN_DOCUMENTATION_COMMENTS = YES;
				CLANG_WARN_EMPTY_BODY = YES;
				CLANG_WARN_ENUM_CONVERSION = YES;
				CLANG_WARN_INFINITE_RECURSION = YES;
				CLANG_WARN_INT_CONVERSION = YES;
				CLANG_WARN_NON_LITERAL_NULL_CONVERSION = YES;
				CLANG_WARN_OBJC_LITERAL_CONVERSION = YES;
				CLANG_WARN_OBJC_ROOT_CLASS = YES_ERROR;
				CLANG_WARN_RANGE_LOOP_ANALYSIS = YES;
				CLANG_WARN_STRICT_PROTOTYPES = YES;
				CLANG_WARN_SUSPICIOUS_MOVE = YES;
				CLANG_WARN_UNGUARDED_AVAILABILITY = YES_AGGRESSIVE;
				CLANG_WARN_UNREACHABLE_CODE = YES;
				CLANG_WARN__DUPLICATE_METHOD_MATCH = YES;
				CODE_SIGN_IDENTITY = "iPhone Developer";
				COPY_PHASE_STRIP = NO;
				DEBUG_INFORMATION_FORMAT = dwarf;
				ENABLE_STRICT_OBJC_MSGSEND = YES;
				ENABLE_TESTABILITY = YES;
				GCC_C_LANGUAGE_STANDARD = gnu11;
				GCC_DYNAMIC_NO_PIC = NO;
				GCC_NO_COMMON_BLOCKS = YES;
				GCC_OPTIMIZATION_LEVEL = 0;
				GCC_PREPROCESSOR_DEFINITIONS = (
					"DEBUG=1",
					"$(inherited)",
				);
				GCC_WARN_64_TO_32_BIT_CONVERSION = YES;
				GCC_WARN_ABOUT_RETURN_TYPE = YES_ERROR;
				GCC_WARN_UNDECLARED_SELECTOR = YES;
				GCC_WARN_UNINITIALIZED_AUTOS = YES_AGGRESSIVE;
				GCC_WARN_UNUSED_FUNCTION = YES;
				GCC_WARN_UNUSED_VARIABLE = YES;
				IPHONEOS_DEPLOYMENT_TARGET = 11.2;
				MTL_ENABLE_DEBUG_INFO = YES;
				ONLY_ACTIVE_ARCH = YES;
				SDKROOT = iphoneos;
				SWIFT_ACTIVE_COMPILATION_CONDITIONS = DEBUG;
				SWIFT_OPTIMIZATION_LEVEL = "-Onone";
			};
			name = Debug;
		};
		EA741D912035D674004C5427 /* Release */ = {
			isa = XCBuildConfiguration;
			buildSettings = {
				ALWAYS_SEARCH_USER_PATHS = NO;
				CLANG_ANALYZER_NONNULL = YES;
				CLANG_ANALYZER_NUMBER_OBJECT_CONVERSION = YES_AGGRESSIVE;
				CLANG_CXX_LANGUAGE_STANDARD = "gnu++14";
				CLANG_CXX_LIBRARY = "libc++";
				CLANG_ENABLE_MODULES = YES;
				CLANG_ENABLE_OBJC_ARC = YES;
				CLANG_WARN_BLOCK_CAPTURE_AUTORELEASING = YES;
				CLANG_WARN_BOOL_CONVERSION = YES;
				CLANG_WARN_COMMA = YES;
				CLANG_WARN_CONSTANT_CONVERSION = YES;
				CLANG_WARN_DIRECT_OBJC_ISA_USAGE = YES_ERROR;
				CLANG_WARN_DOCUMENTATION_COMMENTS = YES;
				CLANG_WARN_EMPTY_BODY = YES;
				CLANG_WARN_ENUM_CONVERSION = YES;
				CLANG_WARN_INFINITE_RECURSION = YES;
				CLANG_WARN_INT_CONVERSION = YES;
				CLANG_WARN_NON_LITERAL_NULL_CONVERSION = YES;
				CLANG_WARN_OBJC_LITERAL_CONVERSION = YES;
				CLANG_WARN_OBJC_ROOT_CLASS = YES_ERROR;
				CLANG_WARN_RANGE_LOOP_ANALYSIS = YES;
				CLANG_WARN_STRICT_PROTOTYPES = YES;
				CLANG_WARN_SUSPICIOUS_MOVE = YES;
				CLANG_WARN_UNGUARDED_AVAILABILITY = YES_AGGRESSIVE;
				CLANG_WARN_UNREACHABLE_CODE = YES;
				CLANG_WARN__DUPLICATE_METHOD_MATCH = YES;
				CODE_SIGN_IDENTITY = "iPhone Developer";
				COPY_PHASE_STRIP = NO;
				DEBUG_INFORMATION_FORMAT = "dwarf-with-dsym";
				ENABLE_NS_ASSERTIONS = NO;
				ENABLE_STRICT_OBJC_MSGSEND = YES;
				GCC_C_LANGUAGE_STANDARD = gnu11;
				GCC_NO_COMMON_BLOCKS = YES;
				GCC_WARN_64_TO_32_BIT_CONVERSION = YES;
				GCC_WARN_ABOUT_RETURN_TYPE = YES_ERROR;
				GCC_WARN_UNDECLARED_SELECTOR = YES;
				GCC_WARN_UNINITIALIZED_AUTOS = YES_AGGRESSIVE;
				GCC_WARN_UNUSED_FUNCTION = YES;
				GCC_WARN_UNUSED_VARIABLE = YES;
				IPHONEOS_DEPLOYMENT_TARGET = 11.2;
				MTL_ENABLE_DEBUG_INFO = NO;
				SDKROOT = iphoneos;
				SWIFT_OPTIMIZATION_LEVEL = "-Owholemodule";
				VALIDATE_PRODUCT = YES;
			};
			name = Release;
		};
		EA741D932035D674004C5427 /* Debug */ = {
			isa = XCBuildConfiguration;
			buildSettings = {
				ASSETCATALOG_COMPILER_APPICON_NAME = AppIcon;
				CODE_SIGN_STYLE = Automatic;
				DEVELOPMENT_TEAM = NF69TSV658;
				INFOPLIST_FILE = todoApp/Info.plist;
				IPHONEOS_DEPLOYMENT_TARGET = 11.1;
				LD_RUNPATH_SEARCH_PATHS = "$(inherited) @executable_path/Frameworks";
				PRODUCT_BUNDLE_IDENTIFIER = com.yougg.todoApp;
				PRODUCT_NAME = "$(TARGET_NAME)";
				SWIFT_VERSION = 4.0;
				TARGETED_DEVICE_FAMILY = 1;
			};
			name = Debug;
		};
		EA741D942035D674004C5427 /* Release */ = {
			isa = XCBuildConfiguration;
			buildSettings = {
				ASSETCATALOG_COMPILER_APPICON_NAME = AppIcon;
				CODE_SIGN_STYLE = Automatic;
				DEVELOPMENT_TEAM = NF69TSV658;
				INFOPLIST_FILE = todoApp/Info.plist;
				IPHONEOS_DEPLOYMENT_TARGET = 11.1;
				LD_RUNPATH_SEARCH_PATHS = "$(inherited) @executable_path/Frameworks";
				PRODUCT_BUNDLE_IDENTIFIER = com.yougg.todoApp;
				PRODUCT_NAME = "$(TARGET_NAME)";
				SWIFT_VERSION = 4.0;
				TARGETED_DEVICE_FAMILY = 1;
			};
			name = Release;
		};
/* End XCBuildConfiguration section */

/* Begin XCConfigurationList section */
		EA741D782035D674004C5427 /* Build configuration list for PBXProject "todoApp" */ = {
			isa = XCConfigurationList;
			buildConfigurations = (
				EA741D902035D674004C5427 /* Debug */,
				EA741D912035D674004C5427 /* Release */,
			);
			defaultConfigurationIsVisible = 0;
			defaultConfigurationName = Release;
		};
		EA741D922035D674004C5427 /* Build configuration list for PBXNativeTarget "todoApp" */ = {
			isa = XCConfigurationList;
			buildConfigurations = (
				EA741D932035D674004C5427 /* Debug */,
				EA741D942035D674004C5427 /* Release */,
			);
			defaultConfigurationIsVisible = 0;
			defaultConfigurationName = Release;
		};
/* End XCConfigurationList section */

/* Begin XCVersionGroup section */
		EA741D872035D674004C5427 /* todoApp.xcdatamodeld */ = {
			isa = XCVersionGroup;
			children = (
				EA741D882035D674004C5427 /* todoApp.xcdatamodel */,
			);
			currentVersion = EA741D882035D674004C5427 /* todoApp.xcdatamodel */;
			path = todoApp.xcdatamodeld;
			sourceTree = "<group>";
			versionGroupType = wrapper.xcdatamodel;
		};
/* End XCVersionGroup section */
	};
	rootObject = EA741D752035D674004C5427 /* Project object */;
}
